// !$*UTF8*$!
{
	archiveVersion = 1;
	classes = {
	};
	objectVersion = 56;
	objects = {

/* Begin PBXBuildFile section */
		9DCE276B2B383054008DCD85 /* AchievementsView.swift in Sources */ = {isa = PBXBuildFile; fileRef = 9DCE276A2B383054008DCD85 /* AchievementsView.swift */; };
		9DCE276D2B384005008DCD85 /* SpeedRacerBadge.swift in Sources */ = {isa = PBXBuildFile; fileRef = 9DCE276C2B384005008DCD85 /* SpeedRacerBadge.swift */; };
		B728BD0A2B381FC1008C39FC /* RouteUtils.swift in Sources */ = {isa = PBXBuildFile; fileRef = B728BD092B381FC1008C39FC /* RouteUtils.swift */; };
		B72FD0EB2B341EBC0061B368 /* AimlessDriveDetailView.swift in Sources */ = {isa = PBXBuildFile; fileRef = B72FD0EA2B341EBC0061B368 /* AimlessDriveDetailView.swift */; };
		B72FD0EF2B342E170061B368 /* LocationFetcher.swift in Sources */ = {isa = PBXBuildFile; fileRef = B72FD0EE2B342E170061B368 /* LocationFetcher.swift */; };
		B72FD0F12B3432D00061B368 /* RecordDrive.swift in Sources */ = {isa = PBXBuildFile; fileRef = B72FD0F02B3432D00061B368 /* RecordDrive.swift */; };
		B72FD0F32B3434020061B368 /* RootView.swift in Sources */ = {isa = PBXBuildFile; fileRef = B72FD0F22B3434020061B368 /* RootView.swift */; };
		B72FD0F72B3504400061B368 /* PlacemarkData.swift in Sources */ = {isa = PBXBuildFile; fileRef = B72FD0F62B3504400061B368 /* PlacemarkData.swift */; };
		B72FD0F92B3505B40061B368 /* CoordinatePlacemarkData.swift in Sources */ = {isa = PBXBuildFile; fileRef = B72FD0F82B3505B40061B368 /* CoordinatePlacemarkData.swift */; };
		B74F600E2B493F5300F07D51 /* SocialFeedPostAuthorView.swift in Sources */ = {isa = PBXBuildFile; fileRef = B74F600D2B493F5300F07D51 /* SocialFeedPostAuthorView.swift */; };
		B76A7F972B4A342500B620A3 /* SocialFeedPostEngagement.swift in Sources */ = {isa = PBXBuildFile; fileRef = B76A7F962B4A342500B620A3 /* SocialFeedPostEngagement.swift */; };
		B771B0132B3415FC00C6623F /* AimlessDrive.swift in Sources */ = {isa = PBXBuildFile; fileRef = B771B0122B3415FC00C6623F /* AimlessDrive.swift */; };
		B78BAED22B384878005DFD44 /* AimlessDriveListCell.swift in Sources */ = {isa = PBXBuildFile; fileRef = B78BAED12B384878005DFD44 /* AimlessDriveListCell.swift */; };
		B78CDE532B3D7C6E000FBE52 /* DrivePost.swift in Sources */ = {isa = PBXBuildFile; fileRef = B78CDE522B3D7C6E000FBE52 /* DrivePost.swift */; };
		B78CDE552B3D9822000FBE52 /* SocialFeed.swift in Sources */ = {isa = PBXBuildFile; fileRef = B78CDE542B3D9822000FBE52 /* SocialFeed.swift */; };
		B78CDE572B3D990A000FBE52 /* SocialFeedViewModel.swift in Sources */ = {isa = PBXBuildFile; fileRef = B78CDE562B3D990A000FBE52 /* SocialFeedViewModel.swift */; };
		B798D9FF2B415EAC00566AE1 /* ProfileView.swift in Sources */ = {isa = PBXBuildFile; fileRef = B798D9FE2B415EAC00566AE1 /* ProfileView.swift */; };
		B798DA082B42979300566AE1 /* ProfileViewModel.swift in Sources */ = {isa = PBXBuildFile; fileRef = B798DA072B42979300566AE1 /* ProfileViewModel.swift */; };
		B798DA0A2B429B7C00566AE1 /* UserProfile.swift in Sources */ = {isa = PBXBuildFile; fileRef = B798DA092B429B7C00566AE1 /* UserProfile.swift */; };
		B7C56B6E2B6606E700F67421 /* PostComment.swift in Sources */ = {isa = PBXBuildFile; fileRef = B7C56B6D2B6606E700F67421 /* PostComment.swift */; };
		B7D54F222B5638B700CDA8CF /* PostReaction.swift in Sources */ = {isa = PBXBuildFile; fileRef = B7D54F212B5638B700CDA8CF /* PostReaction.swift */; };
		B7EB858A2B3702AF00D050CD /* EarlyBirdBadge.swift in Sources */ = {isa = PBXBuildFile; fileRef = B7EB85892B3702AF00D050CD /* EarlyBirdBadge.swift */; };
		B7EB858F2B3707E300D050CD /* GasGuzzlerBadge.swift in Sources */ = {isa = PBXBuildFile; fileRef = B7EB858E2B3707E300D050CD /* GasGuzzlerBadge.swift */; };
		B7EB85912B3708A700D050CD /* SlowPokeBadge.swift in Sources */ = {isa = PBXBuildFile; fileRef = B7EB85902B3708A700D050CD /* SlowPokeBadge.swift */; };
		B7EB85A52B38074D00D050CD /* CruiseControlTests.swift in Sources */ = {isa = PBXBuildFile; fileRef = B7EB85A42B38074D00D050CD /* CruiseControlTests.swift */; };
		B7EB85AC2B3807D800D050CD /* AimlessDrive.swift in Sources */ = {isa = PBXBuildFile; fileRef = B771B0122B3415FC00C6623F /* AimlessDrive.swift */; };
		B7FFC3392B34151500F0BC27 /* CruiseControlApp.swift in Sources */ = {isa = PBXBuildFile; fileRef = B7FFC3382B34151500F0BC27 /* CruiseControlApp.swift */; };
		B7FFC33B2B34151500F0BC27 /* AimlessDriveList.swift in Sources */ = {isa = PBXBuildFile; fileRef = B7FFC33A2B34151500F0BC27 /* AimlessDriveList.swift */; };
		B7FFC33F2B34151600F0BC27 /* Assets.xcassets in Resources */ = {isa = PBXBuildFile; fileRef = B7FFC33E2B34151600F0BC27 /* Assets.xcassets */; };
		B7FFC3422B34151600F0BC27 /* Preview Assets.xcassets in Resources */ = {isa = PBXBuildFile; fileRef = B7FFC3412B34151600F0BC27 /* Preview Assets.xcassets */; };
/* End PBXBuildFile section */

/* Begin PBXContainerItemProxy section */
		B7EB85A62B38074D00D050CD /* PBXContainerItemProxy */ = {
			isa = PBXContainerItemProxy;
			containerPortal = B7FFC32D2B34151500F0BC27 /* Project object */;
			proxyType = 1;
			remoteGlobalIDString = B7FFC3342B34151500F0BC27;
			remoteInfo = CruiseControl;
		};
/* End PBXContainerItemProxy section */

/* Begin PBXFileReference section */
		9DCE276A2B383054008DCD85 /* AchievementsView.swift */ = {isa = PBXFileReference; lastKnownFileType = sourcecode.swift; path = AchievementsView.swift; sourceTree = "<group>"; };
		9DCE276C2B384005008DCD85 /* SpeedRacerBadge.swift */ = {isa = PBXFileReference; lastKnownFileType = sourcecode.swift; path = SpeedRacerBadge.swift; sourceTree = "<group>"; };
		B728BD092B381FC1008C39FC /* RouteUtils.swift */ = {isa = PBXFileReference; lastKnownFileType = sourcecode.swift; path = RouteUtils.swift; sourceTree = "<group>"; };
		B72FD0EA2B341EBC0061B368 /* AimlessDriveDetailView.swift */ = {isa = PBXFileReference; lastKnownFileType = sourcecode.swift; path = AimlessDriveDetailView.swift; sourceTree = "<group>"; };
		B72FD0EE2B342E170061B368 /* LocationFetcher.swift */ = {isa = PBXFileReference; lastKnownFileType = sourcecode.swift; path = LocationFetcher.swift; sourceTree = "<group>"; };
		B72FD0F02B3432D00061B368 /* RecordDrive.swift */ = {isa = PBXFileReference; lastKnownFileType = sourcecode.swift; path = RecordDrive.swift; sourceTree = "<group>"; };
		B72FD0F22B3434020061B368 /* RootView.swift */ = {isa = PBXFileReference; lastKnownFileType = sourcecode.swift; path = RootView.swift; sourceTree = "<group>"; };
		B72FD0F62B3504400061B368 /* PlacemarkData.swift */ = {isa = PBXFileReference; lastKnownFileType = sourcecode.swift; path = PlacemarkData.swift; sourceTree = "<group>"; };
		B72FD0F82B3505B40061B368 /* CoordinatePlacemarkData.swift */ = {isa = PBXFileReference; fileEncoding = 4; lastKnownFileType = sourcecode.swift; path = CoordinatePlacemarkData.swift; sourceTree = "<group>"; };
		B74F600D2B493F5300F07D51 /* SocialFeedPostAuthorView.swift */ = {isa = PBXFileReference; lastKnownFileType = sourcecode.swift; path = SocialFeedPostAuthorView.swift; sourceTree = "<group>"; };
		B76A7F962B4A342500B620A3 /* SocialFeedPostEngagement.swift */ = {isa = PBXFileReference; lastKnownFileType = sourcecode.swift; path = SocialFeedPostEngagement.swift; sourceTree = "<group>"; };
		B771B0122B3415FC00C6623F /* AimlessDrive.swift */ = {isa = PBXFileReference; lastKnownFileType = sourcecode.swift; path = AimlessDrive.swift; sourceTree = "<group>"; };
		B78BAED12B384878005DFD44 /* AimlessDriveListCell.swift */ = {isa = PBXFileReference; lastKnownFileType = sourcecode.swift; path = AimlessDriveListCell.swift; sourceTree = "<group>"; };
		B78CDE522B3D7C6E000FBE52 /* DrivePost.swift */ = {isa = PBXFileReference; lastKnownFileType = sourcecode.swift; path = DrivePost.swift; sourceTree = "<group>"; };
		B78CDE542B3D9822000FBE52 /* SocialFeed.swift */ = {isa = PBXFileReference; lastKnownFileType = sourcecode.swift; path = SocialFeed.swift; sourceTree = "<group>"; };
		B78CDE562B3D990A000FBE52 /* SocialFeedViewModel.swift */ = {isa = PBXFileReference; lastKnownFileType = sourcecode.swift; path = SocialFeedViewModel.swift; sourceTree = "<group>"; };
		B798D9FE2B415EAC00566AE1 /* ProfileView.swift */ = {isa = PBXFileReference; lastKnownFileType = sourcecode.swift; path = ProfileView.swift; sourceTree = "<group>"; };
		B798DA072B42979300566AE1 /* ProfileViewModel.swift */ = {isa = PBXFileReference; lastKnownFileType = sourcecode.swift; path = ProfileViewModel.swift; sourceTree = "<group>"; };
		B798DA092B429B7C00566AE1 /* UserProfile.swift */ = {isa = PBXFileReference; lastKnownFileType = sourcecode.swift; path = UserProfile.swift; sourceTree = "<group>"; };
		B7C56B6D2B6606E700F67421 /* PostComment.swift */ = {isa = PBXFileReference; lastKnownFileType = sourcecode.swift; path = PostComment.swift; sourceTree = "<group>"; };
		B7D54F212B5638B700CDA8CF /* PostReaction.swift */ = {isa = PBXFileReference; lastKnownFileType = sourcecode.swift; path = PostReaction.swift; sourceTree = "<group>"; };
		B7EB85892B3702AF00D050CD /* EarlyBirdBadge.swift */ = {isa = PBXFileReference; lastKnownFileType = sourcecode.swift; path = EarlyBirdBadge.swift; sourceTree = "<group>"; };
		B7EB858E2B3707E300D050CD /* GasGuzzlerBadge.swift */ = {isa = PBXFileReference; lastKnownFileType = sourcecode.swift; path = GasGuzzlerBadge.swift; sourceTree = "<group>"; };
		B7EB85902B3708A700D050CD /* SlowPokeBadge.swift */ = {isa = PBXFileReference; lastKnownFileType = sourcecode.swift; path = SlowPokeBadge.swift; sourceTree = "<group>"; };
		B7EB85A22B38074D00D050CD /* CruiseControlTests.xctest */ = {isa = PBXFileReference; explicitFileType = wrapper.cfbundle; includeInIndex = 0; path = CruiseControlTests.xctest; sourceTree = BUILT_PRODUCTS_DIR; };
		B7EB85A42B38074D00D050CD /* CruiseControlTests.swift */ = {isa = PBXFileReference; lastKnownFileType = sourcecode.swift; path = CruiseControlTests.swift; sourceTree = "<group>"; };
		B7FFC3352B34151500F0BC27 /* CruiseControl.app */ = {isa = PBXFileReference; explicitFileType = wrapper.application; includeInIndex = 0; path = CruiseControl.app; sourceTree = BUILT_PRODUCTS_DIR; };
		B7FFC3382B34151500F0BC27 /* CruiseControlApp.swift */ = {isa = PBXFileReference; lastKnownFileType = sourcecode.swift; path = CruiseControlApp.swift; sourceTree = "<group>"; };
		B7FFC33A2B34151500F0BC27 /* AimlessDriveList.swift */ = {isa = PBXFileReference; lastKnownFileType = sourcecode.swift; path = AimlessDriveList.swift; sourceTree = "<group>"; };
		B7FFC33E2B34151600F0BC27 /* Assets.xcassets */ = {isa = PBXFileReference; lastKnownFileType = folder.assetcatalog; path = Assets.xcassets; sourceTree = "<group>"; };
		B7FFC3412B34151600F0BC27 /* Preview Assets.xcassets */ = {isa = PBXFileReference; lastKnownFileType = folder.assetcatalog; path = "Preview Assets.xcassets"; sourceTree = "<group>"; };
		B7FFC3432B34151600F0BC27 /* CruiseControl.entitlements */ = {isa = PBXFileReference; lastKnownFileType = text.plist.entitlements; path = CruiseControl.entitlements; sourceTree = "<group>"; };
		B7FFC3442B34151600F0BC27 /* Info.plist */ = {isa = PBXFileReference; lastKnownFileType = text.plist.xml; path = Info.plist; sourceTree = "<group>"; };
/* End PBXFileReference section */

/* Begin PBXFrameworksBuildPhase section */
		B7EB859F2B38074D00D050CD /* Frameworks */ = {
			isa = PBXFrameworksBuildPhase;
			buildActionMask = 2147483647;
			files = (
			);
			runOnlyForDeploymentPostprocessing = 0;
		};
		B7FFC3322B34151500F0BC27 /* Frameworks */ = {
			isa = PBXFrameworksBuildPhase;
			buildActionMask = 2147483647;
			files = (
			);
			runOnlyForDeploymentPostprocessing = 0;
		};
/* End PBXFrameworksBuildPhase section */

/* Begin PBXGroup section */
		B78CDE512B3D7C5C000FBE52 /* Social */ = {
			isa = PBXGroup;
			children = (
				B78CDE522B3D7C6E000FBE52 /* DrivePost.swift */,
				B7D54F212B5638B700CDA8CF /* PostReaction.swift */,
				B798DA092B429B7C00566AE1 /* UserProfile.swift */,
				B78CDE542B3D9822000FBE52 /* SocialFeed.swift */,
				B76A7F962B4A342500B620A3 /* SocialFeedPostEngagement.swift */,
				B74F600D2B493F5300F07D51 /* SocialFeedPostAuthorView.swift */,
				B78CDE562B3D990A000FBE52 /* SocialFeedViewModel.swift */,
				B798D9FE2B415EAC00566AE1 /* ProfileView.swift */,
				B798DA072B42979300566AE1 /* ProfileViewModel.swift */,
				B7C56B6D2B6606E700F67421 /* PostComment.swift */,
			);
			path = Social;
			sourceTree = "<group>";
		};
		B7EB858B2B37052100D050CD /* AchievementBadges */ = {
			isa = PBXGroup;
			children = (
				B7EB85892B3702AF00D050CD /* EarlyBirdBadge.swift */,
				B7EB858E2B3707E300D050CD /* GasGuzzlerBadge.swift */,
				B7EB85902B3708A700D050CD /* SlowPokeBadge.swift */,
				9DCE276C2B384005008DCD85 /* SpeedRacerBadge.swift */,
			);
			path = AchievementBadges;
			sourceTree = "<group>";
		};
		B7EB85A32B38074D00D050CD /* CruiseControlTests */ = {
			isa = PBXGroup;
			children = (
				B7EB85A42B38074D00D050CD /* CruiseControlTests.swift */,
			);
			path = CruiseControlTests;
			sourceTree = "<group>";
		};
		B7FFC32C2B34151500F0BC27 = {
			isa = PBXGroup;
			children = (
				B7FFC3372B34151500F0BC27 /* CruiseControl */,
				B7EB85A32B38074D00D050CD /* CruiseControlTests */,
				B7FFC3362B34151500F0BC27 /* Products */,
			);
			sourceTree = "<group>";
		};
		B7FFC3362B34151500F0BC27 /* Products */ = {
			isa = PBXGroup;
			children = (
				B7FFC3352B34151500F0BC27 /* CruiseControl.app */,
				B7EB85A22B38074D00D050CD /* CruiseControlTests.xctest */,
			);
			name = Products;
			sourceTree = "<group>";
		};
		B7FFC3372B34151500F0BC27 /* CruiseControl */ = {
			isa = PBXGroup;
			children = (
				B7EB858B2B37052100D050CD /* AchievementBadges */,
				B7FFC3382B34151500F0BC27 /* CruiseControlApp.swift */,
				B7FFC33E2B34151600F0BC27 /* Assets.xcassets */,
				B7FFC3432B34151600F0BC27 /* CruiseControl.entitlements */,
				B7FFC3442B34151600F0BC27 /* Info.plist */,
				B7FFC3402B34151600F0BC27 /* Preview Content */,
				B771B0122B3415FC00C6623F /* AimlessDrive.swift */,
				B7FFC33A2B34151500F0BC27 /* AimlessDriveList.swift */,
				B78BAED12B384878005DFD44 /* AimlessDriveListCell.swift */,
				B72FD0EA2B341EBC0061B368 /* AimlessDriveDetailView.swift */,
				B72FD0EE2B342E170061B368 /* LocationFetcher.swift */,
				B72FD0F62B3504400061B368 /* PlacemarkData.swift */,
				B72FD0F82B3505B40061B368 /* CoordinatePlacemarkData.swift */,
				B72FD0F02B3432D00061B368 /* RecordDrive.swift */,
				B72FD0F22B3434020061B368 /* RootView.swift */,
				B728BD092B381FC1008C39FC /* RouteUtils.swift */,
				9DCE276A2B383054008DCD85 /* AchievementsView.swift */,
				B78CDE512B3D7C5C000FBE52 /* Social */,
			);
			path = CruiseControl;
			sourceTree = "<group>";
		};
		B7FFC3402B34151600F0BC27 /* Preview Content */ = {
			isa = PBXGroup;
			children = (
				B7FFC3412B34151600F0BC27 /* Preview Assets.xcassets */,
			);
			path = "Preview Content";
			sourceTree = "<group>";
		};
/* End PBXGroup section */

/* Begin PBXNativeTarget section */
		B7EB85A12B38074D00D050CD /* CruiseControlTests */ = {
			isa = PBXNativeTarget;
			buildConfigurationList = B7EB85A82B38074D00D050CD /* Build configuration list for PBXNativeTarget "CruiseControlTests" */;
			buildPhases = (
				B7EB859E2B38074D00D050CD /* Sources */,
				B7EB859F2B38074D00D050CD /* Frameworks */,
				B7EB85A02B38074D00D050CD /* Resources */,
			);
			buildRules = (
			);
			dependencies = (
				B7EB85A72B38074D00D050CD /* PBXTargetDependency */,
			);
			name = CruiseControlTests;
			productName = CruiseControlTests;
			productReference = B7EB85A22B38074D00D050CD /* CruiseControlTests.xctest */;
			productType = "com.apple.product-type.bundle.unit-test";
		};
		B7FFC3342B34151500F0BC27 /* CruiseControl */ = {
			isa = PBXNativeTarget;
			buildConfigurationList = B7FFC3472B34151600F0BC27 /* Build configuration list for PBXNativeTarget "CruiseControl" */;
			buildPhases = (
				B7FFC3312B34151500F0BC27 /* Sources */,
				B7FFC3322B34151500F0BC27 /* Frameworks */,
				B7FFC3332B34151500F0BC27 /* Resources */,
			);
			buildRules = (
			);
			dependencies = (
			);
			name = CruiseControl;
			packageProductDependencies = (
			);
			productName = CruiseControl;
			productReference = B7FFC3352B34151500F0BC27 /* CruiseControl.app */;
			productType = "com.apple.product-type.application";
		};
/* End PBXNativeTarget section */

/* Begin PBXProject section */
		B7FFC32D2B34151500F0BC27 /* Project object */ = {
			isa = PBXProject;
			attributes = {
				BuildIndependentTargetsInParallel = 1;
				LastSwiftUpdateCheck = 1510;
				LastUpgradeCheck = 1510;
				TargetAttributes = {
					B7EB85A12B38074D00D050CD = {
						CreatedOnToolsVersion = 15.1;
						TestTargetID = B7FFC3342B34151500F0BC27;
					};
					B7FFC3342B34151500F0BC27 = {
						CreatedOnToolsVersion = 15.1;
					};
				};
			};
			buildConfigurationList = B7FFC3302B34151500F0BC27 /* Build configuration list for PBXProject "CruiseControl" */;
			compatibilityVersion = "Xcode 14.0";
			developmentRegion = en;
			hasScannedForEncodings = 0;
			knownRegions = (
				en,
				Base,
			);
			mainGroup = B7FFC32C2B34151500F0BC27;
			packageReferences = (
			);
			productRefGroup = B7FFC3362B34151500F0BC27 /* Products */;
			projectDirPath = "";
			projectRoot = "";
			targets = (
				B7FFC3342B34151500F0BC27 /* CruiseControl */,
				B7EB85A12B38074D00D050CD /* CruiseControlTests */,
			);
		};
/* End PBXProject section */

/* Begin PBXResourcesBuildPhase section */
		B7EB85A02B38074D00D050CD /* Resources */ = {
			isa = PBXResourcesBuildPhase;
			buildActionMask = 2147483647;
			files = (
			);
			runOnlyForDeploymentPostprocessing = 0;
		};
		B7FFC3332B34151500F0BC27 /* Resources */ = {
			isa = PBXResourcesBuildPhase;
			buildActionMask = 2147483647;
			files = (
				B7FFC3422B34151600F0BC27 /* Preview Assets.xcassets in Resources */,
				B7FFC33F2B34151600F0BC27 /* Assets.xcassets in Resources */,
			);
			runOnlyForDeploymentPostprocessing = 0;
		};
/* End PBXResourcesBuildPhase section */

/* Begin PBXSourcesBuildPhase section */
		B7EB859E2B38074D00D050CD /* Sources */ = {
			isa = PBXSourcesBuildPhase;
			buildActionMask = 2147483647;
			files = (
				B7EB85A52B38074D00D050CD /* CruiseControlTests.swift in Sources */,
				B7EB85AC2B3807D800D050CD /* AimlessDrive.swift in Sources */,
			);
			runOnlyForDeploymentPostprocessing = 0;
		};
		B7FFC3312B34151500F0BC27 /* Sources */ = {
			isa = PBXSourcesBuildPhase;
			buildActionMask = 2147483647;
			files = (
				B78CDE552B3D9822000FBE52 /* SocialFeed.swift in Sources */,
				B7FFC33B2B34151500F0BC27 /* AimlessDriveList.swift in Sources */,
				B78CDE532B3D7C6E000FBE52 /* DrivePost.swift in Sources */,
				B7EB858F2B3707E300D050CD /* GasGuzzlerBadge.swift in Sources */,
				9DCE276B2B383054008DCD85 /* AchievementsView.swift in Sources */,
				B74F600E2B493F5300F07D51 /* SocialFeedPostAuthorView.swift in Sources */,
				B72FD0F92B3505B40061B368 /* CoordinatePlacemarkData.swift in Sources */,
				B798DA082B42979300566AE1 /* ProfileViewModel.swift in Sources */,
				B72FD0F72B3504400061B368 /* PlacemarkData.swift in Sources */,
				B76A7F972B4A342500B620A3 /* SocialFeedPostEngagement.swift in Sources */,
				B72FD0EB2B341EBC0061B368 /* AimlessDriveDetailView.swift in Sources */,
				9DCE276D2B384005008DCD85 /* SpeedRacerBadge.swift in Sources */,
				B72FD0EF2B342E170061B368 /* LocationFetcher.swift in Sources */,
				B7C56B6E2B6606E700F67421 /* PostComment.swift in Sources */,
				B7EB858A2B3702AF00D050CD /* EarlyBirdBadge.swift in Sources */,
				B7D54F222B5638B700CDA8CF /* PostReaction.swift in Sources */,
				B771B0132B3415FC00C6623F /* AimlessDrive.swift in Sources */,
				B798D9FF2B415EAC00566AE1 /* ProfileView.swift in Sources */,
				B72FD0F32B3434020061B368 /* RootView.swift in Sources */,
				B7EB85912B3708A700D050CD /* SlowPokeBadge.swift in Sources */,
				B798DA0A2B429B7C00566AE1 /* UserProfile.swift in Sources */,
				B78CDE572B3D990A000FBE52 /* SocialFeedViewModel.swift in Sources */,
				B728BD0A2B381FC1008C39FC /* RouteUtils.swift in Sources */,
				B78BAED22B384878005DFD44 /* AimlessDriveListCell.swift in Sources */,
				B7FFC3392B34151500F0BC27 /* CruiseControlApp.swift in Sources */,
				B72FD0F12B3432D00061B368 /* RecordDrive.swift in Sources */,
			);
			runOnlyForDeploymentPostprocessing = 0;
		};
/* End PBXSourcesBuildPhase section */

/* Begin PBXTargetDependency section */
		B7EB85A72B38074D00D050CD /* PBXTargetDependency */ = {
			isa = PBXTargetDependency;
			target = B7FFC3342B34151500F0BC27 /* CruiseControl */;
			targetProxy = B7EB85A62B38074D00D050CD /* PBXContainerItemProxy */;
		};
/* End PBXTargetDependency section */

/* Begin XCBuildConfiguration section */
		B7EB85A92B38074D00D050CD /* Debug */ = {
			isa = XCBuildConfiguration;
			buildSettings = {
				BUNDLE_LOADER = "$(TEST_HOST)";
				CODE_SIGN_STYLE = Automatic;
				CURRENT_PROJECT_VERSION = 1;
				DEVELOPMENT_TEAM = HM6Y2RQS2R;
				GENERATE_INFOPLIST_FILE = YES;
				IPHONEOS_DEPLOYMENT_TARGET = 17.0;
				MARKETING_VERSION = 1.0;
				PRODUCT_BUNDLE_IDENTIFIER = atul.CruiseControlTests;
				PRODUCT_NAME = "$(TARGET_NAME)";
				SWIFT_EMIT_LOC_STRINGS = NO;
				SWIFT_VERSION = 5.0;
				TARGETED_DEVICE_FAMILY = "1,2";
				TEST_HOST = "$(BUILT_PRODUCTS_DIR)/CruiseControl.app/$(BUNDLE_EXECUTABLE_FOLDER_PATH)/CruiseControl";
			};
			name = Debug;
		};
		B7EB85AA2B38074D00D050CD /* Release */ = {
			isa = XCBuildConfiguration;
			buildSettings = {
				BUNDLE_LOADER = "$(TEST_HOST)";
				CODE_SIGN_STYLE = Automatic;
				CURRENT_PROJECT_VERSION = 1;
				DEVELOPMENT_TEAM = HM6Y2RQS2R;
				GENERATE_INFOPLIST_FILE = YES;
				IPHONEOS_DEPLOYMENT_TARGET = 17.0;
				MARKETING_VERSION = 1.0;
				PRODUCT_BUNDLE_IDENTIFIER = atul.CruiseControlTests;
				PRODUCT_NAME = "$(TARGET_NAME)";
				SWIFT_EMIT_LOC_STRINGS = NO;
				SWIFT_VERSION = 5.0;
				TARGETED_DEVICE_FAMILY = "1,2";
				TEST_HOST = "$(BUILT_PRODUCTS_DIR)/CruiseControl.app/$(BUNDLE_EXECUTABLE_FOLDER_PATH)/CruiseControl";
			};
			name = Release;
		};
		B7FFC3452B34151600F0BC27 /* Debug */ = {
			isa = XCBuildConfiguration;
			buildSettings = {
				ALWAYS_SEARCH_USER_PATHS = NO;
				ASSETCATALOG_COMPILER_GENERATE_SWIFT_ASSET_SYMBOL_EXTENSIONS = YES;
				CLANG_ANALYZER_NONNULL = YES;
				CLANG_ANALYZER_NUMBER_OBJECT_CONVERSION = YES_AGGRESSIVE;
				CLANG_CXX_LANGUAGE_STANDARD = "gnu++20";
				CLANG_ENABLE_MODULES = YES;
				CLANG_ENABLE_OBJC_ARC = YES;
				CLANG_ENABLE_OBJC_WEAK = YES;
				CLANG_WARN_BLOCK_CAPTURE_AUTORELEASING = YES;
				CLANG_WARN_BOOL_CONVERSION = YES;
				CLANG_WARN_COMMA = YES;
				CLANG_WARN_CONSTANT_CONVERSION = YES;
				CLANG_WARN_DEPRECATED_OBJC_IMPLEMENTATIONS = YES;
				CLANG_WARN_DIRECT_OBJC_ISA_USAGE = YES_ERROR;
				CLANG_WARN_DOCUMENTATION_COMMENTS = YES;
				CLANG_WARN_EMPTY_BODY = YES;
				CLANG_WARN_ENUM_CONVERSION = YES;
				CLANG_WARN_INFINITE_RECURSION = YES;
				CLANG_WARN_INT_CONVERSION = YES;
				CLANG_WARN_NON_LITERAL_NULL_CONVERSION = YES;
				CLANG_WARN_OBJC_IMPLICIT_RETAIN_SELF = YES;
				CLANG_WARN_OBJC_LITERAL_CONVERSION = YES;
				CLANG_WARN_OBJC_ROOT_CLASS = YES_ERROR;
				CLANG_WARN_QUOTED_INCLUDE_IN_FRAMEWORK_HEADER = YES;
				CLANG_WARN_RANGE_LOOP_ANALYSIS = YES;
				CLANG_WARN_STRICT_PROTOTYPES = YES;
				CLANG_WARN_SUSPICIOUS_MOVE = YES;
				CLANG_WARN_UNGUARDED_AVAILABILITY = YES_AGGRESSIVE;
				CLANG_WARN_UNREACHABLE_CODE = YES;
				CLANG_WARN__DUPLICATE_METHOD_MATCH = YES;
				COPY_PHASE_STRIP = NO;
				DEBUG_INFORMATION_FORMAT = dwarf;
				ENABLE_STRICT_OBJC_MSGSEND = YES;
				ENABLE_TESTABILITY = YES;
				ENABLE_USER_SCRIPT_SANDBOXING = YES;
				GCC_C_LANGUAGE_STANDARD = gnu17;
				GCC_DYNAMIC_NO_PIC = NO;
				GCC_NO_COMMON_BLOCKS = YES;
				GCC_OPTIMIZATION_LEVEL = 0;
				GCC_PREPROCESSOR_DEFINITIONS = (
					"DEBUG=1",
					"$(inherited)",
				);
				GCC_WARN_64_TO_32_BIT_CONVERSION = YES;
				GCC_WARN_ABOUT_RETURN_TYPE = YES_ERROR;
				GCC_WARN_UNDECLARED_SELECTOR = YES;
				GCC_WARN_UNINITIALIZED_AUTOS = YES_AGGRESSIVE;
				GCC_WARN_UNUSED_FUNCTION = YES;
				GCC_WARN_UNUSED_VARIABLE = YES;
				IPHONEOS_DEPLOYMENT_TARGET = 17.0;
				LOCALIZATION_PREFERS_STRING_CATALOGS = YES;
				MTL_ENABLE_DEBUG_INFO = INCLUDE_SOURCE;
				MTL_FAST_MATH = YES;
				ONLY_ACTIVE_ARCH = YES;
				SDKROOT = iphoneos;
				SWIFT_ACTIVE_COMPILATION_CONDITIONS = "DEBUG $(inherited)";
				SWIFT_OPTIMIZATION_LEVEL = "-Onone";
			};
			name = Debug;
		};
		B7FFC3462B34151600F0BC27 /* Release */ = {
			isa = XCBuildConfiguration;
			buildSettings = {
				ALWAYS_SEARCH_USER_PATHS = NO;
				ASSETCATALOG_COMPILER_GENERATE_SWIFT_ASSET_SYMBOL_EXTENSIONS = YES;
				CLANG_ANALYZER_NONNULL = YES;
				CLANG_ANALYZER_NUMBER_OBJECT_CONVERSION = YES_AGGRESSIVE;
				CLANG_CXX_LANGUAGE_STANDARD = "gnu++20";
				CLANG_ENABLE_MODULES = YES;
				CLANG_ENABLE_OBJC_ARC = YES;
				CLANG_ENABLE_OBJC_WEAK = YES;
				CLANG_WARN_BLOCK_CAPTURE_AUTORELEASING = YES;
				CLANG_WARN_BOOL_CONVERSION = YES;
				CLANG_WARN_COMMA = YES;
				CLANG_WARN_CONSTANT_CONVERSION = YES;
				CLANG_WARN_DEPRECATED_OBJC_IMPLEMENTATIONS = YES;
				CLANG_WARN_DIRECT_OBJC_ISA_USAGE = YES_ERROR;
				CLANG_WARN_DOCUMENTATION_COMMENTS = YES;
				CLANG_WARN_EMPTY_BODY = YES;
				CLANG_WARN_ENUM_CONVERSION = YES;
				CLANG_WARN_INFINITE_RECURSION = YES;
				CLANG_WARN_INT_CONVERSION = YES;
				CLANG_WARN_NON_LITERAL_NULL_CONVERSION = YES;
				CLANG_WARN_OBJC_IMPLICIT_RETAIN_SELF = YES;
				CLANG_WARN_OBJC_LITERAL_CONVERSION = YES;
				CLANG_WARN_OBJC_ROOT_CLASS = YES_ERROR;
				CLANG_WARN_QUOTED_INCLUDE_IN_FRAMEWORK_HEADER = YES;
				CLANG_WARN_RANGE_LOOP_ANALYSIS = YES;
				CLANG_WARN_STRICT_PROTOTYPES = YES;
				CLANG_WARN_SUSPICIOUS_MOVE = YES;
				CLANG_WARN_UNGUARDED_AVAILABILITY = YES_AGGRESSIVE;
				CLANG_WARN_UNREACHABLE_CODE = YES;
				CLANG_WARN__DUPLICATE_METHOD_MATCH = YES;
				COPY_PHASE_STRIP = NO;
				DEBUG_INFORMATION_FORMAT = "dwarf-with-dsym";
				ENABLE_NS_ASSERTIONS = NO;
				ENABLE_STRICT_OBJC_MSGSEND = YES;
				ENABLE_USER_SCRIPT_SANDBOXING = YES;
				GCC_C_LANGUAGE_STANDARD = gnu17;
				GCC_NO_COMMON_BLOCKS = YES;
				GCC_WARN_64_TO_32_BIT_CONVERSION = YES;
				GCC_WARN_ABOUT_RETURN_TYPE = YES_ERROR;
				GCC_WARN_UNDECLARED_SELECTOR = YES;
				GCC_WARN_UNINITIALIZED_AUTOS = YES_AGGRESSIVE;
				GCC_WARN_UNUSED_FUNCTION = YES;
				GCC_WARN_UNUSED_VARIABLE = YES;
				IPHONEOS_DEPLOYMENT_TARGET = 17.0;
				LOCALIZATION_PREFERS_STRING_CATALOGS = YES;
				MTL_ENABLE_DEBUG_INFO = NO;
				MTL_FAST_MATH = YES;
				SDKROOT = iphoneos;
				SWIFT_COMPILATION_MODE = wholemodule;
				VALIDATE_PRODUCT = YES;
			};
			name = Release;
		};
		B7FFC3482B34151600F0BC27 /* Debug */ = {
			isa = XCBuildConfiguration;
			buildSettings = {
				ASSETCATALOG_COMPILER_APPICON_NAME = AppIcon;
				ASSETCATALOG_COMPILER_GLOBAL_ACCENT_COLOR_NAME = AccentColor;
				CODE_SIGN_ENTITLEMENTS = CruiseControl/CruiseControl.entitlements;
				CODE_SIGN_STYLE = Automatic;
				CURRENT_PROJECT_VERSION = 1;
				DEVELOPMENT_ASSET_PATHS = "\"CruiseControl/Preview Content\"";
				DEVELOPMENT_TEAM = HM6Y2RQS2R;
				ENABLE_PREVIEWS = YES;
				GENERATE_INFOPLIST_FILE = YES;
				INFOPLIST_FILE = CruiseControl/Info.plist;
				INFOPLIST_KEY_CFBundleDisplayName = "Cruise Control";
				INFOPLIST_KEY_NSLocationAlwaysAndWhenInUseUsageDescription = "CruiseControl needs location data to plot drives.";
				INFOPLIST_KEY_NSLocationAlwaysUsageDescription = "CruiseControl needs location data to plot drives.";
				INFOPLIST_KEY_NSLocationWhenInUseUsageDescription = "CruiseControl needs location data to plot drives.";
				INFOPLIST_KEY_UIApplicationSceneManifest_Generation = YES;
				INFOPLIST_KEY_UIApplicationSupportsIndirectInputEvents = YES;
				INFOPLIST_KEY_UILaunchScreen_Generation = YES;
				INFOPLIST_KEY_UISupportedInterfaceOrientations_iPad = "UIInterfaceOrientationPortrait UIInterfaceOrientationPortraitUpsideDown UIInterfaceOrientationLandscapeLeft UIInterfaceOrientationLandscapeRight";
				INFOPLIST_KEY_UISupportedInterfaceOrientations_iPhone = "UIInterfaceOrientationPortrait UIInterfaceOrientationLandscapeLeft UIInterfaceOrientationLandscapeRight";
				IPHONEOS_DEPLOYMENT_TARGET = 17.0;
				LD_RUNPATH_SEARCH_PATHS = (
					"$(inherited)",
					"@executable_path/Frameworks",
				);
				MARKETING_VERSION = 1.0;
				PRODUCT_BUNDLE_IDENTIFIER = atul.CruiseControl;
				PRODUCT_NAME = "$(TARGET_NAME)";
				SWIFT_EMIT_LOC_STRINGS = YES;
				SWIFT_VERSION = 5.0;
				TARGETED_DEVICE_FAMILY = "1,2";
			};
			name = Debug;
		};
		B7FFC3492B34151600F0BC27 /* Release */ = {
			isa = XCBuildConfiguration;
			buildSettings = {
				ASSETCATALOG_COMPILER_APPICON_NAME = AppIcon;
				ASSETCATALOG_COMPILER_GLOBAL_ACCENT_COLOR_NAME = AccentColor;
				CODE_SIGN_ENTITLEMENTS = CruiseControl/CruiseControl.entitlements;
				CODE_SIGN_STYLE = Automatic;
				CURRENT_PROJECT_VERSION = 1;
				DEVELOPMENT_ASSET_PATHS = "\"CruiseControl/Preview Content\"";
				DEVELOPMENT_TEAM = HM6Y2RQS2R;
				ENABLE_PREVIEWS = YES;
				GENERATE_INFOPLIST_FILE = YES;
				INFOPLIST_FILE = CruiseControl/Info.plist;
				INFOPLIST_KEY_CFBundleDisplayName = "Cruise Control";
				INFOPLIST_KEY_NSLocationAlwaysAndWhenInUseUsageDescription = "CruiseControl needs location data to plot drives.";
				INFOPLIST_KEY_NSLocationAlwaysUsageDescription = "CruiseControl needs location data to plot drives.";
				INFOPLIST_KEY_NSLocationWhenInUseUsageDescription = "CruiseControl needs location data to plot drives.";
				INFOPLIST_KEY_UIApplicationSceneManifest_Generation = YES;
				INFOPLIST_KEY_UIApplicationSupportsIndirectInputEvents = YES;
				INFOPLIST_KEY_UILaunchScreen_Generation = YES;
				INFOPLIST_KEY_UISupportedInterfaceOrientations_iPad = "UIInterfaceOrientationPortrait UIInterfaceOrientationPortraitUpsideDown UIInterfaceOrientationLandscapeLeft UIInterfaceOrientationLandscapeRight";
				INFOPLIST_KEY_UISupportedInterfaceOrientations_iPhone = "UIInterfaceOrientationPortrait UIInterfaceOrientationLandscapeLeft UIInterfaceOrientationLandscapeRight";
				IPHONEOS_DEPLOYMENT_TARGET = 17.0;
				LD_RUNPATH_SEARCH_PATHS = (
					"$(inherited)",
					"@executable_path/Frameworks",
				);
				MARKETING_VERSION = 1.0;
				PRODUCT_BUNDLE_IDENTIFIER = atul.CruiseControl;
				PRODUCT_NAME = "$(TARGET_NAME)";
				SWIFT_EMIT_LOC_STRINGS = YES;
				SWIFT_VERSION = 5.0;
				TARGETED_DEVICE_FAMILY = "1,2";
			};
			name = Release;
		};
/* End XCBuildConfiguration section */

/* Begin XCConfigurationList section */
		B7EB85A82B38074D00D050CD /* Build configuration list for PBXNativeTarget "CruiseControlTests" */ = {
			isa = XCConfigurationList;
			buildConfigurations = (
				B7EB85A92B38074D00D050CD /* Debug */,
				B7EB85AA2B38074D00D050CD /* Release */,
			);
			defaultConfigurationIsVisible = 0;
			defaultConfigurationName = Release;
		};
		B7FFC3302B34151500F0BC27 /* Build configuration list for PBXProject "CruiseControl" */ = {
			isa = XCConfigurationList;
			buildConfigurations = (
				B7FFC3452B34151600F0BC27 /* Debug */,
				B7FFC3462B34151600F0BC27 /* Release */,
			);
			defaultConfigurationIsVisible = 0;
			defaultConfigurationName = Release;
		};
		B7FFC3472B34151600F0BC27 /* Build configuration list for PBXNativeTarget "CruiseControl" */ = {
			isa = XCConfigurationList;
			buildConfigurations = (
				B7FFC3482B34151600F0BC27 /* Debug */,
				B7FFC3492B34151600F0BC27 /* Release */,
			);
			defaultConfigurationIsVisible = 0;
			defaultConfigurationName = Release;
		};
/* End XCConfigurationList section */
	};
	rootObject = B7FFC32D2B34151500F0BC27 /* Project object */;
}
