// !$*UTF8*$!
{
	archiveVersion = 1;
	classes = {
	};
	objectVersion = 56;
	objects = {

/* Begin PBXBuildFile section */
		B72FD0EB2B341EBC0061B368 /* AimlessDriveDetailView.swift in Sources */ = {isa = PBXBuildFile; fileRef = B72FD0EA2B341EBC0061B368 /* AimlessDriveDetailView.swift */; };
		B72FD0EF2B342E170061B368 /* LocationFetcher.swift in Sources */ = {isa = PBXBuildFile; fileRef = B72FD0EE2B342E170061B368 /* LocationFetcher.swift */; };
		B72FD0F12B3432D00061B368 /* RecordDrive.swift in Sources */ = {isa = PBXBuildFile; fileRef = B72FD0F02B3432D00061B368 /* RecordDrive.swift */; };
		B72FD0F32B3434020061B368 /* RootView.swift in Sources */ = {isa = PBXBuildFile; fileRef = B72FD0F22B3434020061B368 /* RootView.swift */; };
		B771B0132B3415FC00C6623F /* AimlessDrive.swift in Sources */ = {isa = PBXBuildFile; fileRef = B771B0122B3415FC00C6623F /* AimlessDrive.swift */; };
		B7FFC3392B34151500F0BC27 /* CruiseControlApp.swift in Sources */ = {isa = PBXBuildFile; fileRef = B7FFC3382B34151500F0BC27 /* CruiseControlApp.swift */; };
		B7FFC33B2B34151500F0BC27 /* ContentView.swift in Sources */ = {isa = PBXBuildFile; fileRef = B7FFC33A2B34151500F0BC27 /* ContentView.swift */; };
		B7FFC33F2B34151600F0BC27 /* Assets.xcassets in Resources */ = {isa = PBXBuildFile; fileRef = B7FFC33E2B34151600F0BC27 /* Assets.xcassets */; };
		B7FFC3422B34151600F0BC27 /* Preview Assets.xcassets in Resources */ = {isa = PBXBuildFile; fileRef = B7FFC3412B34151600F0BC27 /* Preview Assets.xcassets */; };
/* End PBXBuildFile section */

/* Begin PBXFileReference section */
		B72FD0EA2B341EBC0061B368 /* AimlessDriveDetailView.swift */ = {isa = PBXFileReference; lastKnownFileType = sourcecode.swift; path = AimlessDriveDetailView.swift; sourceTree = "<group>"; };
		B72FD0EE2B342E170061B368 /* LocationFetcher.swift */ = {isa = PBXFileReference; lastKnownFileType = sourcecode.swift; path = LocationFetcher.swift; sourceTree = "<group>"; };
		B72FD0F02B3432D00061B368 /* RecordDrive.swift */ = {isa = PBXFileReference; lastKnownFileType = sourcecode.swift; path = RecordDrive.swift; sourceTree = "<group>"; };
		B72FD0F22B3434020061B368 /* RootView.swift */ = {isa = PBXFileReference; lastKnownFileType = sourcecode.swift; path = RootView.swift; sourceTree = "<group>"; };
		B771B0122B3415FC00C6623F /* AimlessDrive.swift */ = {isa = PBXFileReference; lastKnownFileType = sourcecode.swift; path = AimlessDrive.swift; sourceTree = "<group>"; };
		B7FFC3352B34151500F0BC27 /* CruiseControl.app */ = {isa = PBXFileReference; explicitFileType = wrapper.application; includeInIndex = 0; path = CruiseControl.app; sourceTree = BUILT_PRODUCTS_DIR; };
		B7FFC3382B34151500F0BC27 /* CruiseControlApp.swift */ = {isa = PBXFileReference; lastKnownFileType = sourcecode.swift; path = CruiseControlApp.swift; sourceTree = "<group>"; };
		B7FFC33A2B34151500F0BC27 /* ContentView.swift */ = {isa = PBXFileReference; lastKnownFileType = sourcecode.swift; path = ContentView.swift; sourceTree = "<group>"; };
		B7FFC33E2B34151600F0BC27 /* Assets.xcassets */ = {isa = PBXFileReference; lastKnownFileType = folder.assetcatalog; path = Assets.xcassets; sourceTree = "<group>"; };
		B7FFC3412B34151600F0BC27 /* Preview Assets.xcassets */ = {isa = PBXFileReference; lastKnownFileType = folder.assetcatalog; path = "Preview Assets.xcassets"; sourceTree = "<group>"; };
		B7FFC3432B34151600F0BC27 /* CruiseControl.entitlements */ = {isa = PBXFileReference; lastKnownFileType = text.plist.entitlements; path = CruiseControl.entitlements; sourceTree = "<group>"; };
		B7FFC3442B34151600F0BC27 /* Info.plist */ = {isa = PBXFileReference; lastKnownFileType = text.plist.xml; path = Info.plist; sourceTree = "<group>"; };
/* End PBXFileReference section */

/* Begin PBXFrameworksBuildPhase section */
		B7FFC3322B34151500F0BC27 /* Frameworks */ = {
			isa = PBXFrameworksBuildPhase;
			buildActionMask = 2147483647;
			files = (
			);
			runOnlyForDeploymentPostprocessing = 0;
		};
/* End PBXFrameworksBuildPhase section */

/* Begin PBXGroup section */
		B7FFC32C2B34151500F0BC27 = {
			isa = PBXGroup;
			children = (
				B7FFC3372B34151500F0BC27 /* CruiseControl */,
				B7FFC3362B34151500F0BC27 /* Products */,
			);
			sourceTree = "<group>";
		};
		B7FFC3362B34151500F0BC27 /* Products */ = {
			isa = PBXGroup;
			children = (
				B7FFC3352B34151500F0BC27 /* CruiseControl.app */,
			);
			name = Products;
			sourceTree = "<group>";
		};
		B7FFC3372B34151500F0BC27 /* CruiseControl */ = {
			isa = PBXGroup;
			children = (
				B7FFC3382B34151500F0BC27 /* CruiseControlApp.swift */,
				B7FFC33A2B34151500F0BC27 /* ContentView.swift */,
				B7FFC33E2B34151600F0BC27 /* Assets.xcassets */,
				B7FFC3432B34151600F0BC27 /* CruiseControl.entitlements */,
				B7FFC3442B34151600F0BC27 /* Info.plist */,
				B7FFC3402B34151600F0BC27 /* Preview Content */,
				B771B0122B3415FC00C6623F /* AimlessDrive.swift */,
				B72FD0EA2B341EBC0061B368 /* AimlessDriveDetailView.swift */,
				B72FD0EE2B342E170061B368 /* LocationFetcher.swift */,
				B72FD0F02B3432D00061B368 /* RecordDrive.swift */,
				B72FD0F22B3434020061B368 /* RootView.swift */,
			);
			path = CruiseControl;
			sourceTree = "<group>";
		};
		B7FFC3402B34151600F0BC27 /* Preview Content */ = {
			isa = PBXGroup;
			children = (
				B7FFC3412B34151600F0BC27 /* Preview Assets.xcassets */,
			);
			path = "Preview Content";
			sourceTree = "<group>";
		};
/* End PBXGroup section */

/* Begin PBXNativeTarget section */
		B7FFC3342B34151500F0BC27 /* CruiseControl */ = {
			isa = PBXNativeTarget;
			buildConfigurationList = B7FFC3472B34151600F0BC27 /* Build configuration list for PBXNativeTarget "CruiseControl" */;
			buildPhases = (
				B7FFC3312B34151500F0BC27 /* Sources */,
				B7FFC3322B34151500F0BC27 /* Frameworks */,
				B7FFC3332B34151500F0BC27 /* Resources */,
			);
			buildRules = (
			);
			dependencies = (
			);
			name = CruiseControl;
			productName = CruiseControl;
			productReference = B7FFC3352B34151500F0BC27 /* CruiseControl.app */;
			productType = "com.apple.product-type.application";
		};
/* End PBXNativeTarget section */

/* Begin PBXProject section */
		B7FFC32D2B34151500F0BC27 /* Project object */ = {
			isa = PBXProject;
			attributes = {
				BuildIndependentTargetsInParallel = 1;
				LastSwiftUpdateCheck = 1510;
				LastUpgradeCheck = 1510;
				TargetAttributes = {
					B7FFC3342B34151500F0BC27 = {
						CreatedOnToolsVersion = 15.1;
					};
				};
			};
			buildConfigurationList = B7FFC3302B34151500F0BC27 /* Build configuration list for PBXProject "CruiseControl" */;
			compatibilityVersion = "Xcode 14.0";
			developmentRegion = en;
			hasScannedForEncodings = 0;
			knownRegions = (
				en,
				Base,
			);
			mainGroup = B7FFC32C2B34151500F0BC27;
			productRefGroup = B7FFC3362B34151500F0BC27 /* Products */;
			projectDirPath = "";
			projectRoot = "";
			targets = (
				B7FFC3342B34151500F0BC27 /* CruiseControl */,
			);
		};
/* End PBXProject section */

/* Begin PBXResourcesBuildPhase section */
		B7FFC3332B34151500F0BC27 /* Resources */ = {
			isa = PBXResourcesBuildPhase;
			buildActionMask = 2147483647;
			files = (
				B7FFC3422B34151600F0BC27 /* Preview Assets.xcassets in Resources */,
				B7FFC33F2B34151600F0BC27 /* Assets.xcassets in Resources */,
			);
			runOnlyForDeploymentPostprocessing = 0;
		};
/* End PBXResourcesBuildPhase section */

/* Begin PBXSourcesBuildPhase section */
		B7FFC3312B34151500F0BC27 /* Sources */ = {
			isa = PBXSourcesBuildPhase;
			buildActionMask = 2147483647;
			files = (
				B7FFC33B2B34151500F0BC27 /* ContentView.swift in Sources */,
				B72FD0EB2B341EBC0061B368 /* AimlessDriveDetailView.swift in Sources */,
				B72FD0EF2B342E170061B368 /* LocationFetcher.swift in Sources */,
				B771B0132B3415FC00C6623F /* AimlessDrive.swift in Sources */,
				B72FD0F32B3434020061B368 /* RootView.swift in Sources */,
				B7FFC3392B34151500F0BC27 /* CruiseControlApp.swift in Sources */,
				B72FD0F12B3432D00061B368 /* RecordDrive.swift in Sources */,
			);
			runOnlyForDeploymentPostprocessing = 0;
		};
/* End PBXSourcesBuildPhase section */

/* Begin XCBuildConfiguration section */
		B7FFC3452B34151600F0BC27 /* Debug */ = {
			isa = XCBuildConfiguration;
			buildSettings = {
				ALWAYS_SEARCH_USER_PATHS = NO;
				ASSETCATALOG_COMPILER_GENERATE_SWIFT_ASSET_SYMBOL_EXTENSIONS = YES;
				CLANG_ANALYZER_NONNULL = YES;
				CLANG_ANALYZER_NUMBER_OBJECT_CONVERSION = YES_AGGRESSIVE;
				CLANG_CXX_LANGUAGE_STANDARD = "gnu++20";
				CLANG_ENABLE_MODULES = YES;
				CLANG_ENABLE_OBJC_ARC = YES;
				CLANG_ENABLE_OBJC_WEAK = YES;
				CLANG_WARN_BLOCK_CAPTURE_AUTORELEASING = YES;
				CLANG_WARN_BOOL_CONVERSION = YES;
				CLANG_WARN_COMMA = YES;
				CLANG_WARN_CONSTANT_CONVERSION = YES;
				CLANG_WARN_DEPRECATED_OBJC_IMPLEMENTATIONS = YES;
				CLANG_WARN_DIRECT_OBJC_ISA_USAGE = YES_ERROR;
				CLANG_WARN_DOCUMENTATION_COMMENTS = YES;
				CLANG_WARN_EMPTY_BODY = YES;
				CLANG_WARN_ENUM_CONVERSION = YES;
				CLANG_WARN_INFINITE_RECURSION = YES;
				CLANG_WARN_INT_CONVERSION = YES;
				CLANG_WARN_NON_LITERAL_NULL_CONVERSION = YES;
				CLANG_WARN_OBJC_IMPLICIT_RETAIN_SELF = YES;
				CLANG_WARN_OBJC_LITERAL_CONVERSION = YES;
				CLANG_WARN_OBJC_ROOT_CLASS = YES_ERROR;
				CLANG_WARN_QUOTED_INCLUDE_IN_FRAMEWORK_HEADER = YES;
				CLANG_WARN_RANGE_LOOP_ANALYSIS = YES;
				CLANG_WARN_STRICT_PROTOTYPES = YES;
				CLANG_WARN_SUSPICIOUS_MOVE = YES;
				CLANG_WARN_UNGUARDED_AVAILABILITY = YES_AGGRESSIVE;
				CLANG_WARN_UNREACHABLE_CODE = YES;
				CLANG_WARN__DUPLICATE_METHOD_MATCH = YES;
				COPY_PHASE_STRIP = NO;
				DEBUG_INFORMATION_FORMAT = dwarf;
				ENABLE_STRICT_OBJC_MSGSEND = YES;
				ENABLE_TESTABILITY = YES;
				ENABLE_USER_SCRIPT_SANDBOXING = YES;
				GCC_C_LANGUAGE_STANDARD = gnu17;
				GCC_DYNAMIC_NO_PIC = NO;
				GCC_NO_COMMON_BLOCKS = YES;
				GCC_OPTIMIZATION_LEVEL = 0;
				GCC_PREPROCESSOR_DEFINITIONS = (
					"DEBUG=1",
					"$(inherited)",
				);
				GCC_WARN_64_TO_32_BIT_CONVERSION = YES;
				GCC_WARN_ABOUT_RETURN_TYPE = YES_ERROR;
				GCC_WARN_UNDECLARED_SELECTOR = YES;
				GCC_WARN_UNINITIALIZED_AUTOS = YES_AGGRESSIVE;
				GCC_WARN_UNUSED_FUNCTION = YES;
				GCC_WARN_UNUSED_VARIABLE = YES;
				IPHONEOS_DEPLOYMENT_TARGET = 17.2;
				LOCALIZATION_PREFERS_STRING_CATALOGS = YES;
				MTL_ENABLE_DEBUG_INFO = INCLUDE_SOURCE;
				MTL_FAST_MATH = YES;
				ONLY_ACTIVE_ARCH = YES;
				SDKROOT = iphoneos;
				SWIFT_ACTIVE_COMPILATION_CONDITIONS = "DEBUG $(inherited)";
				SWIFT_OPTIMIZATION_LEVEL = "-Onone";
			};
			name = Debug;
		};
		B7FFC3462B34151600F0BC27 /* Release */ = {
			isa = XCBuildConfiguration;
			buildSettings = {
				ALWAYS_SEARCH_USER_PATHS = NO;
				ASSETCATALOG_COMPILER_GENERATE_SWIFT_ASSET_SYMBOL_EXTENSIONS = YES;
				CLANG_ANALYZER_NONNULL = YES;
				CLANG_ANALYZER_NUMBER_OBJECT_CONVERSION = YES_AGGRESSIVE;
				CLANG_CXX_LANGUAGE_STANDARD = "gnu++20";
				CLANG_ENABLE_MODULES = YES;
				CLANG_ENABLE_OBJC_ARC = YES;
				CLANG_ENABLE_OBJC_WEAK = YES;
				CLANG_WARN_BLOCK_CAPTURE_AUTORELEASING = YES;
				CLANG_WARN_BOOL_CONVERSION = YES;
				CLANG_WARN_COMMA = YES;
				CLANG_WARN_CONSTANT_CONVERSION = YES;
				CLANG_WARN_DEPRECATED_OBJC_IMPLEMENTATIONS = YES;
				CLANG_WARN_DIRECT_OBJC_ISA_USAGE = YES_ERROR;
				CLANG_WARN_DOCUMENTATION_COMMENTS = YES;
				CLANG_WARN_EMPTY_BODY = YES;
				CLANG_WARN_ENUM_CONVERSION = YES;
				CLANG_WARN_INFINITE_RECURSION = YES;
				CLANG_WARN_INT_CONVERSION = YES;
				CLANG_WARN_NON_LITERAL_NULL_CONVERSION = YES;
				CLANG_WARN_OBJC_IMPLICIT_RETAIN_SELF = YES;
				CLANG_WARN_OBJC_LITERAL_CONVERSION = YES;
				CLANG_WARN_OBJC_ROOT_CLASS = YES_ERROR;
				CLANG_WARN_QUOTED_INCLUDE_IN_FRAMEWORK_HEADER = YES;
				CLANG_WARN_RANGE_LOOP_ANALYSIS = YES;
				CLANG_WARN_STRICT_PROTOTYPES = YES;
				CLANG_WARN_SUSPICIOUS_MOVE = YES;
				CLANG_WARN_UNGUARDED_AVAILABILITY = YES_AGGRESSIVE;
				CLANG_WARN_UNREACHABLE_CODE = YES;
				CLANG_WARN__DUPLICATE_METHOD_MATCH = YES;
				COPY_PHASE_STRIP = NO;
				DEBUG_INFORMATION_FORMAT = "dwarf-with-dsym";
				ENABLE_NS_ASSERTIONS = NO;
				ENABLE_STRICT_OBJC_MSGSEND = YES;
				ENABLE_USER_SCRIPT_SANDBOXING = YES;
				GCC_C_LANGUAGE_STANDARD = gnu17;
				GCC_NO_COMMON_BLOCKS = YES;
				GCC_WARN_64_TO_32_BIT_CONVERSION = YES;
				GCC_WARN_ABOUT_RETURN_TYPE = YES_ERROR;
				GCC_WARN_UNDECLARED_SELECTOR = YES;
				GCC_WARN_UNINITIALIZED_AUTOS = YES_AGGRESSIVE;
				GCC_WARN_UNUSED_FUNCTION = YES;
				GCC_WARN_UNUSED_VARIABLE = YES;
				IPHONEOS_DEPLOYMENT_TARGET = 17.2;
				LOCALIZATION_PREFERS_STRING_CATALOGS = YES;
				MTL_ENABLE_DEBUG_INFO = NO;
				MTL_FAST_MATH = YES;
				SDKROOT = iphoneos;
				SWIFT_COMPILATION_MODE = wholemodule;
				VALIDATE_PRODUCT = YES;
			};
			name = Release;
		};
		B7FFC3482B34151600F0BC27 /* Debug */ = {
			isa = XCBuildConfiguration;
			buildSettings = {
				ASSETCATALOG_COMPILER_APPICON_NAME = AppIcon;
				ASSETCATALOG_COMPILER_GLOBAL_ACCENT_COLOR_NAME = AccentColor;
				CODE_SIGN_ENTITLEMENTS = CruiseControl/CruiseControl.entitlements;
				CODE_SIGN_STYLE = Automatic;
				CURRENT_PROJECT_VERSION = 1;
				DEVELOPMENT_ASSET_PATHS = "\"CruiseControl/Preview Content\"";
				DEVELOPMENT_TEAM = HM6Y2RQS2R;
				ENABLE_PREVIEWS = YES;
				GENERATE_INFOPLIST_FILE = YES;
				INFOPLIST_FILE = CruiseControl/Info.plist;
				INFOPLIST_KEY_UIApplicationSceneManifest_Generation = YES;
				INFOPLIST_KEY_UIApplicationSupportsIndirectInputEvents = YES;
				INFOPLIST_KEY_UILaunchScreen_Generation = YES;
				INFOPLIST_KEY_UISupportedInterfaceOrientations_iPad = "UIInterfaceOrientationPortrait UIInterfaceOrientationPortraitUpsideDown UIInterfaceOrientationLandscapeLeft UIInterfaceOrientationLandscapeRight";
				INFOPLIST_KEY_UISupportedInterfaceOrientations_iPhone = "UIInterfaceOrientationPortrait UIInterfaceOrientationLandscapeLeft UIInterfaceOrientationLandscapeRight";
				IPHONEOS_DEPLOYMENT_TARGET = 17.0;
				LD_RUNPATH_SEARCH_PATHS = (
					"$(inherited)",
					"@executable_path/Frameworks",
				);
				MARKETING_VERSION = 1.0;
				PRODUCT_BUNDLE_IDENTIFIER = atul.CruiseControl;
				PRODUCT_NAME = "$(TARGET_NAME)";
				SWIFT_EMIT_LOC_STRINGS = YES;
				SWIFT_VERSION = 5.0;
				TARGETED_DEVICE_FAMILY = "1,2";
			};
			name = Debug;
		};
		B7FFC3492B34151600F0BC27 /* Release */ = {
			isa = XCBuildConfiguration;
			buildSettings = {
				ASSETCATALOG_COMPILER_APPICON_NAME = AppIcon;
				ASSETCATALOG_COMPILER_GLOBAL_ACCENT_COLOR_NAME = AccentColor;
				CODE_SIGN_ENTITLEMENTS = CruiseControl/CruiseControl.entitlements;
				CODE_SIGN_STYLE = Automatic;
				CURRENT_PROJECT_VERSION = 1;
				DEVELOPMENT_ASSET_PATHS = "\"CruiseControl/Preview Content\"";
				DEVELOPMENT_TEAM = HM6Y2RQS2R;
				ENABLE_PREVIEWS = YES;
				GENERATE_INFOPLIST_FILE = YES;
				INFOPLIST_FILE = CruiseControl/Info.plist;
				INFOPLIST_KEY_UIApplicationSceneManifest_Generation = YES;
				INFOPLIST_KEY_UIApplicationSupportsIndirectInputEvents = YES;
				INFOPLIST_KEY_UILaunchScreen_Generation = YES;
				INFOPLIST_KEY_UISupportedInterfaceOrientations_iPad = "UIInterfaceOrientationPortrait UIInterfaceOrientationPortraitUpsideDown UIInterfaceOrientationLandscapeLeft UIInterfaceOrientationLandscapeRight";
				INFOPLIST_KEY_UISupportedInterfaceOrientations_iPhone = "UIInterfaceOrientationPortrait UIInterfaceOrientationLandscapeLeft UIInterfaceOrientationLandscapeRight";
				IPHONEOS_DEPLOYMENT_TARGET = 17.0;
				LD_RUNPATH_SEARCH_PATHS = (
					"$(inherited)",
					"@executable_path/Frameworks",
				);
				MARKETING_VERSION = 1.0;
				PRODUCT_BUNDLE_IDENTIFIER = atul.CruiseControl;
				PRODUCT_NAME = "$(TARGET_NAME)";
				SWIFT_EMIT_LOC_STRINGS = YES;
				SWIFT_VERSION = 5.0;
				TARGETED_DEVICE_FAMILY = "1,2";
			};
			name = Release;
		};
/* End XCBuildConfiguration section */

/* Begin XCConfigurationList section */
		B7FFC3302B34151500F0BC27 /* Build configuration list for PBXProject "CruiseControl" */ = {
			isa = XCConfigurationList;
			buildConfigurations = (
				B7FFC3452B34151600F0BC27 /* Debug */,
				B7FFC3462B34151600F0BC27 /* Release */,
			);
			defaultConfigurationIsVisible = 0;
			defaultConfigurationName = Release;
		};
		B7FFC3472B34151600F0BC27 /* Build configuration list for PBXNativeTarget "CruiseControl" */ = {
			isa = XCConfigurationList;
			buildConfigurations = (
				B7FFC3482B34151600F0BC27 /* Debug */,
				B7FFC3492B34151600F0BC27 /* Release */,
			);
			defaultConfigurationIsVisible = 0;
			defaultConfigurationName = Release;
		};
/* End XCConfigurationList section */
	};
	rootObject = B7FFC32D2B34151500F0BC27 /* Project object */;
}
